
Microsoft Visual Studio Solution File, Format Version 12.00
# Visual Studio 14
VisualStudioVersion = 14.0.25420.1
MinimumVisualStudioVersion = 10.0.40219.1
Project("{FAE04EC0-301F-11D3-BF4B-00C04F79EFBC}") = "DZero.ConsoleApp.TestDemo", "ConsoleApplication1\DZero.ConsoleApp.TestDemo.csproj", "{56B0CDC6-5982-4677-8AEA-4FBEB565EAD7}"
EndProject
Project("{FAE04EC0-301F-11D3-BF4B-00C04F79EFBC}") = "WpfApp_TestDemo", "WpfApp_TestDemo\WpfApp_TestDemo.csproj", "{0CB9E902-0DF5-4D4E-A945-E0F8B328925F}"
EndProject
Project("{FAE04EC0-301F-11D3-BF4B-00C04F79EFBC}") = "Wpf_CrazyE_Demo", "Wpf_CrazyE_Demo\Wpf_CrazyE_Demo.csproj", "{26A1F8E8-23DB-4564-AA59-414FB2C49DF3}"
EndProject
Project("{2150E333-8FDC-42A3-9474-1A3956D46DE8}") = "Prism_Demo", "Prism_Demo", "{C4FDD323-239D-4A0E-8A36-4161E9D67804}"
EndProject
Project("{2150E333-8FDC-42A3-9474-1A3956D46DE8}") = "01_Shell", "01_Shell", "{F637FD4E-88F6-461D-949F-510032968CC8}"
EndProject
Project("{FAE04EC0-301F-11D3-BF4B-00C04F79EFBC}") = "DZero.Prism.TestDemo.Shell", "PrismDemo\Shell\DZero.Prism.TestDemo.Shell\DZero.Prism.TestDemo.Shell.csproj", "{194FEFDF-4664-4E9D-8EA3-92F691F499A4}"
EndProject
Project("{FAE04EC0-301F-11D3-BF4B-00C04F79EFBC}") = "DZero.Mvc.TestDemo", "MVCTestDemo\DZero.Mvc.TestDemo.csproj", "{5EC4C71E-674A-4054-B09F-F0DEE8D672F1}"
EndProject
Project("{2150E333-8FDC-42A3-9474-1A3956D46DE8}") = "Mvc_Demo", "Mvc_Demo", "{AF31E62F-2E2A-4255-A577-CF424DB5CAD0}"
EndProject
Project("{2150E333-8FDC-42A3-9474-1A3956D46DE8}") = "UI", "UI", "{BF3E3B0A-A390-4785-ACCA-70B9E933A034}"
EndProject
Project("{2150E333-8FDC-42A3-9474-1A3956D46DE8}") = "Wpf_Demo", "Wpf_Demo", "{1BACCC15-41B5-4DBE-ABCC-EC25B009FA98}"
EndProject
Project("{2150E333-8FDC-42A3-9474-1A3956D46DE8}") = "CrazyE", "CrazyE", "{6B235970-95AC-4905-AC37-8ADB46DE8045}"
EndProject
Project("{2150E333-8FDC-42A3-9474-1A3956D46DE8}") = "Test", "Test", "{7E9AFEE3-2D8F-42FE-BF4F-7AD8C914AC4A}"
EndProject
Project("{2150E333-8FDC-42A3-9474-1A3956D46DE8}") = "ConsoleApp_Demo", "ConsoleApp_Demo", "{ECCBB386-80AC-4565-9E04-9390020CB29C}"
EndProject
Project("{2150E333-8FDC-42A3-9474-1A3956D46DE8}") = "00_Infrastructure", "00_Infrastructure", "{8DDE6EF9-A71C-41DB-BEB6-0BC6EDC13B6A}"
EndProject
Project("{FAE04EC0-301F-11D3-BF4B-00C04F79EFBC}") = "DZero.Prism.TestDemo.Infrastructure", "PrismDemo\Infrastructure\DZero.Prism.TestDemo.Infrastructure\DZero.Prism.TestDemo.Infrastructure.csproj", "{CD60D0F3-2ACB-4D1E-A984-C2BFA8CA8651}"
EndProject
Project("{FAE04EC0-301F-11D3-BF4B-00C04F79EFBC}") = "DZero.Prism.TestDemo.Infrastructure.Server", "PrismDemo\Infrastructure\DZero.Prism.TestDemo.Infrastructure.Server\DZero.Prism.TestDemo.Infrastructure.Server.csproj", "{C4B33FF8-66AC-41FC-8419-6581160C7F90}"
EndProject
Project("{FAE04EC0-301F-11D3-BF4B-00C04F79EFBC}") = "DZero.Prism.TestDemo.Infrastructure.Client", "PrismDemo\Infrastructure\DZero.Prism.TestDemo.Infrastructure.Client\DZero.Prism.TestDemo.Infrastructure.Client.csproj", "{6C4369DD-B24F-4E80-962E-32833E2A4EAF}"
EndProject
Project("{2150E333-8FDC-42A3-9474-1A3956D46DE8}") = "02_Module", "02_Module", "{39AB9B89-A038-43C0-8055-98EBB567B167}"
EndProject
Project("{FAE04EC0-301F-11D3-BF4B-00C04F79EFBC}") = "DZero.Prism.TestDemo.Client.UserLogin.Module", "PrismDemo\Module\DZero.Prism.TestDemo.Client.UserLogin.Module\DZero.Prism.TestDemo.Client.UserLogin.Module.csproj", "{162D5636-C1C9-4389-9C9A-680A816CDD60}"
EndProject
Global
	GlobalSection(SolutionConfigurationPlatforms) = preSolution
		Debug|Any CPU = Debug|Any CPU
		Release|Any CPU = Release|Any CPU
	EndGlobalSection
	GlobalSection(ProjectConfigurationPlatforms) = postSolution
		{56B0CDC6-5982-4677-8AEA-4FBEB565EAD7}.Debug|Any CPU.ActiveCfg = Debug|Any CPU
		{56B0CDC6-5982-4677-8AEA-4FBEB565EAD7}.Debug|Any CPU.Build.0 = Debug|Any CPU
		{56B0CDC6-5982-4677-8AEA-4FBEB565EAD7}.Release|Any CPU.ActiveCfg = Release|Any CPU
		{56B0CDC6-5982-4677-8AEA-4FBEB565EAD7}.Release|Any CPU.Build.0 = Release|Any CPU
		{0CB9E902-0DF5-4D4E-A945-E0F8B328925F}.Debug|Any CPU.ActiveCfg = Debug|Any CPU
		{0CB9E902-0DF5-4D4E-A945-E0F8B328925F}.Debug|Any CPU.Build.0 = Debug|Any CPU
		{0CB9E902-0DF5-4D4E-A945-E0F8B328925F}.Release|Any CPU.ActiveCfg = Release|Any CPU
		{0CB9E902-0DF5-4D4E-A945-E0F8B328925F}.Release|Any CPU.Build.0 = Release|Any CPU
		{26A1F8E8-23DB-4564-AA59-414FB2C49DF3}.Debug|Any CPU.ActiveCfg = Debug|Any CPU
		{26A1F8E8-23DB-4564-AA59-414FB2C49DF3}.Debug|Any CPU.Build.0 = Debug|Any CPU
		{26A1F8E8-23DB-4564-AA59-414FB2C49DF3}.Release|Any CPU.ActiveCfg = Release|Any CPU
		{26A1F8E8-23DB-4564-AA59-414FB2C49DF3}.Release|Any CPU.Build.0 = Release|Any CPU
		{194FEFDF-4664-4E9D-8EA3-92F691F499A4}.Debug|Any CPU.ActiveCfg = Debug|Any CPU
		{194FEFDF-4664-4E9D-8EA3-92F691F499A4}.Debug|Any CPU.Build.0 = Debug|Any CPU
		{194FEFDF-4664-4E9D-8EA3-92F691F499A4}.Release|Any CPU.ActiveCfg = Release|Any CPU
		{194FEFDF-4664-4E9D-8EA3-92F691F499A4}.Release|Any CPU.Build.0 = Release|Any CPU
		{5EC4C71E-674A-4054-B09F-F0DEE8D672F1}.Debug|Any CPU.ActiveCfg = Debug|Any CPU
		{5EC4C71E-674A-4054-B09F-F0DEE8D672F1}.Debug|Any CPU.Build.0 = Debug|Any CPU
		{5EC4C71E-674A-4054-B09F-F0DEE8D672F1}.Release|Any CPU.ActiveCfg = Release|Any CPU
		{5EC4C71E-674A-4054-B09F-F0DEE8D672F1}.Release|Any CPU.Build.0 = Release|Any CPU
		{CD60D0F3-2ACB-4D1E-A984-C2BFA8CA8651}.Debug|Any CPU.ActiveCfg = Debug|Any CPU
		{CD60D0F3-2ACB-4D1E-A984-C2BFA8CA8651}.Debug|Any CPU.Build.0 = Debug|Any CPU
		{CD60D0F3-2ACB-4D1E-A984-C2BFA8CA8651}.Release|Any CPU.ActiveCfg = Release|Any CPU
		{CD60D0F3-2ACB-4D1E-A984-C2BFA8CA8651}.Release|Any CPU.Build.0 = Release|Any CPU
		{C4B33FF8-66AC-41FC-8419-6581160C7F90}.Debug|Any CPU.ActiveCfg = Debug|Any CPU
		{C4B33FF8-66AC-41FC-8419-6581160C7F90}.Debug|Any CPU.Build.0 = Debug|Any CPU
		{C4B33FF8-66AC-41FC-8419-6581160C7F90}.Release|Any CPU.ActiveCfg = Release|Any CPU
		{C4B33FF8-66AC-41FC-8419-6581160C7F90}.Release|Any CPU.Build.0 = Release|Any CPU
		{6C4369DD-B24F-4E80-962E-32833E2A4EAF}.Debug|Any CPU.ActiveCfg = Debug|Any CPU
		{6C4369DD-B24F-4E80-962E-32833E2A4EAF}.Debug|Any CPU.Build.0 = Debug|Any CPU
		{6C4369DD-B24F-4E80-962E-32833E2A4EAF}.Release|Any CPU.ActiveCfg = Release|Any CPU
		{6C4369DD-B24F-4E80-962E-32833E2A4EAF}.Release|Any CPU.Build.0 = Release|Any CPU
		{162D5636-C1C9-4389-9C9A-680A816CDD60}.Debug|Any CPU.ActiveCfg = Debug|Any CPU
		{162D5636-C1C9-4389-9C9A-680A816CDD60}.Debug|Any CPU.Build.0 = Debug|Any CPU
		{162D5636-C1C9-4389-9C9A-680A816CDD60}.Release|Any CPU.ActiveCfg = Release|Any CPU
		{162D5636-C1C9-4389-9C9A-680A816CDD60}.Release|Any CPU.Build.0 = Release|Any CPU
	EndGlobalSection
	GlobalSection(SolutionProperties) = preSolution
		HideSolutionNode = FALSE
	EndGlobalSection
	GlobalSection(NestedProjects) = preSolution
		{56B0CDC6-5982-4677-8AEA-4FBEB565EAD7} = {ECCBB386-80AC-4565-9E04-9390020CB29C}
		{0CB9E902-0DF5-4D4E-A945-E0F8B328925F} = {7E9AFEE3-2D8F-42FE-BF4F-7AD8C914AC4A}
		{26A1F8E8-23DB-4564-AA59-414FB2C49DF3} = {6B235970-95AC-4905-AC37-8ADB46DE8045}
		{F637FD4E-88F6-461D-949F-510032968CC8} = {C4FDD323-239D-4A0E-8A36-4161E9D67804}
		{194FEFDF-4664-4E9D-8EA3-92F691F499A4} = {F637FD4E-88F6-461D-949F-510032968CC8}
		{5EC4C71E-674A-4054-B09F-F0DEE8D672F1} = {BF3E3B0A-A390-4785-ACCA-70B9E933A034}
		{BF3E3B0A-A390-4785-ACCA-70B9E933A034} = {AF31E62F-2E2A-4255-A577-CF424DB5CAD0}
		{6B235970-95AC-4905-AC37-8ADB46DE8045} = {1BACCC15-41B5-4DBE-ABCC-EC25B009FA98}
		{7E9AFEE3-2D8F-42FE-BF4F-7AD8C914AC4A} = {1BACCC15-41B5-4DBE-ABCC-EC25B009FA98}
		{8DDE6EF9-A71C-41DB-BEB6-0BC6EDC13B6A} = {C4FDD323-239D-4A0E-8A36-4161E9D67804}
		{CD60D0F3-2ACB-4D1E-A984-C2BFA8CA8651} = {8DDE6EF9-A71C-41DB-BEB6-0BC6EDC13B6A}
		{C4B33FF8-66AC-41FC-8419-6581160C7F90} = {8DDE6EF9-A71C-41DB-BEB6-0BC6EDC13B6A}
		{6C4369DD-B24F-4E80-962E-32833E2A4EAF} = {8DDE6EF9-A71C-41DB-BEB6-0BC6EDC13B6A}
		{39AB9B89-A038-43C0-8055-98EBB567B167} = {C4FDD323-239D-4A0E-8A36-4161E9D67804}
		{162D5636-C1C9-4389-9C9A-680A816CDD60} = {39AB9B89-A038-43C0-8055-98EBB567B167}
	EndGlobalSection
EndGlobal
