
Microsoft Visual Studio Solution File, Format Version 12.00
# Visual Studio 14
VisualStudioVersion = 14.0.25420.1
MinimumVisualStudioVersion = 10.0.40219.1
Project("{FAE04EC0-301F-11D3-BF4B-00C04F79EFBC}") = "DZero.ConsoleApp.TestDemo", "ConsoleApplication1\DZero.ConsoleApp.TestDemo.csproj", "{56B0CDC6-5982-4677-8AEA-4FBEB565EAD7}"
EndProject
Project("{FAE04EC0-301F-11D3-BF4B-00C04F79EFBC}") = "WpfApp_TestDemo", "WpfApp_TestDemo\WpfApp_TestDemo.csproj", "{0CB9E902-0DF5-4D4E-A945-E0F8B328925F}"
EndProject
Project("{FAE04EC0-301F-11D3-BF4B-00C04F79EFBC}") = "Wpf_CrazyE_Demo", "Wpf_CrazyE_Demo\Wpf_CrazyE_Demo.csproj", "{26A1F8E8-23DB-4564-AA59-414FB2C49DF3}"
EndProject
Project("{2150E333-8FDC-42A3-9474-1A3956D46DE8}") = "04_Prism_Demo", "04_Prism_Demo", "{C4FDD323-239D-4A0E-8A36-4161E9D67804}"
EndProject
Project("{2150E333-8FDC-42A3-9474-1A3956D46DE8}") = "01_Shell", "01_Shell", "{F637FD4E-88F6-461D-949F-510032968CC8}"
EndProject
Project("{FAE04EC0-301F-11D3-BF4B-00C04F79EFBC}") = "DZero.Prism.TestDemo.Shell", "PrismDemo\Shell\DZero.Prism.TestDemo.Shell\DZero.Prism.TestDemo.Shell.csproj", "{194FEFDF-4664-4E9D-8EA3-92F691F499A4}"
EndProject
Project("{FAE04EC0-301F-11D3-BF4B-00C04F79EFBC}") = "DZero.Mvc.TestDemo", "MVCTestDemo\DZero.Mvc.TestDemo.csproj", "{5EC4C71E-674A-4054-B09F-F0DEE8D672F1}"
EndProject
Project("{2150E333-8FDC-42A3-9474-1A3956D46DE8}") = "03_Mvc_Demo", "03_Mvc_Demo", "{AF31E62F-2E2A-4255-A577-CF424DB5CAD0}"
EndProject
Project("{2150E333-8FDC-42A3-9474-1A3956D46DE8}") = "UI", "UI", "{BF3E3B0A-A390-4785-ACCA-70B9E933A034}"
EndProject
Project("{2150E333-8FDC-42A3-9474-1A3956D46DE8}") = "06_Wpf_Demo", "06_Wpf_Demo", "{1BACCC15-41B5-4DBE-ABCC-EC25B009FA98}"
EndProject
Project("{2150E333-8FDC-42A3-9474-1A3956D46DE8}") = "CrazyE", "CrazyE", "{6B235970-95AC-4905-AC37-8ADB46DE8045}"
EndProject
Project("{2150E333-8FDC-42A3-9474-1A3956D46DE8}") = "Test", "Test", "{7E9AFEE3-2D8F-42FE-BF4F-7AD8C914AC4A}"
EndProject
Project("{2150E333-8FDC-42A3-9474-1A3956D46DE8}") = "02_ConsoleApp_Demo", "02_ConsoleApp_Demo", "{ECCBB386-80AC-4565-9E04-9390020CB29C}"
EndProject
Project("{2150E333-8FDC-42A3-9474-1A3956D46DE8}") = "00_Infrastructure", "00_Infrastructure", "{8DDE6EF9-A71C-41DB-BEB6-0BC6EDC13B6A}"
EndProject
Project("{FAE04EC0-301F-11D3-BF4B-00C04F79EFBC}") = "DZero.Prism.TestDemo.Infrastructure", "PrismDemo\Infrastructure\DZero.Prism.TestDemo.Infrastructure\DZero.Prism.TestDemo.Infrastructure.csproj", "{CD60D0F3-2ACB-4D1E-A984-C2BFA8CA8651}"
EndProject
Project("{FAE04EC0-301F-11D3-BF4B-00C04F79EFBC}") = "DZero.Prism.TestDemo.Infrastructure.Server", "PrismDemo\Infrastructure\DZero.Prism.TestDemo.Infrastructure.Server\DZero.Prism.TestDemo.Infrastructure.Server.csproj", "{C4B33FF8-66AC-41FC-8419-6581160C7F90}"
EndProject
Project("{FAE04EC0-301F-11D3-BF4B-00C04F79EFBC}") = "DZero.Prism.TestDemo.Infrastructure.Client", "PrismDemo\Infrastructure\DZero.Prism.TestDemo.Infrastructure.Client\DZero.Prism.TestDemo.Infrastructure.Client.csproj", "{6C4369DD-B24F-4E80-962E-32833E2A4EAF}"
EndProject
Project("{2150E333-8FDC-42A3-9474-1A3956D46DE8}") = "02_Module", "02_Module", "{39AB9B89-A038-43C0-8055-98EBB567B167}"
EndProject
Project("{FAE04EC0-301F-11D3-BF4B-00C04F79EFBC}") = "DZero.Prism.TestDemo.Client.UserLogin.Module", "PrismDemo\Module\DZero.Prism.TestDemo.Client.UserLogin.Module\DZero.Prism.TestDemo.Client.UserLogin.Module.csproj", "{162D5636-C1C9-4389-9C9A-680A816CDD60}"
EndProject
Project("{FAE04EC0-301F-11D3-BF4B-00C04F79EFBC}") = "CommonLibrary", "CommonLibrary\CommonLibrary.csproj", "{CF3EC411-69D5-4270-A435-2B4505C1D756}"
EndProject
Project("{2150E333-8FDC-42A3-9474-1A3956D46DE8}") = "01_Common", "01_Common", "{2D9211C2-F1C9-4AFF-8DE0-10239C6C9EAD}"
EndProject
Project("{2150E333-8FDC-42A3-9474-1A3956D46DE8}") = "05_DB_Dict", "05_DB_Dict", "{783E2E46-8D43-4654-813F-6B3A59BA71A7}"
EndProject
Project("{FAE04EC0-301F-11D3-BF4B-00C04F79EFBC}") = "DZero_DB_dict", "DZero_DB_dict\DZero_DB_dict.csproj", "{C82C8982-FE04-4FE0-A8FE-E176459838D9}"
EndProject
Project("{2150E333-8FDC-42A3-9474-1A3956D46DE8}") = "07_WCF_Demo", "07_WCF_Demo", "{DDABA181-F3FB-491F-8B4C-07C31D9CBDC4}"
EndProject
Project("{FAE04EC0-301F-11D3-BF4B-00C04F79EFBC}") = "DZero_Wcf_CalculatorService_Contracts", "WcfDemo\CalculatorService\DZero_Wcf_CalculatorService_Contracts\DZero_Wcf_CalculatorService_Contracts.csproj", "{9D8C3AC5-846F-4C1C-9477-1432B9AB03B1}"
EndProject
Project("{FAE04EC0-301F-11D3-BF4B-00C04F79EFBC}") = "DZero_Wcf_CalculatorService_Services", "WcfDemo\CalculatorService\DZero_Wcf_CalculatorService_Services\DZero_Wcf_CalculatorService_Services.csproj", "{624D9718-00C8-4D7A-8D7D-E08D897387F3}"
EndProject
Project("{2150E333-8FDC-42A3-9474-1A3956D46DE8}") = "CalculatorService", "CalculatorService", "{ADB4E6AF-43F7-4339-BA4E-D72D254ADBA6}"
EndProject
Project("{FAE04EC0-301F-11D3-BF4B-00C04F79EFBC}") = "DZero_Wcf_CalculatorService_Hosting", "WcfDemo\CalculatorService\DZero_Wcf_CalculatorService_Hosting\DZero_Wcf_CalculatorService_Hosting.csproj", "{7271819E-4FE8-4966-A173-3D7885203AD0}"
EndProject
Global
	GlobalSection(SolutionConfigurationPlatforms) = preSolution
		Debug|Any CPU = Debug|Any CPU
		Release|Any CPU = Release|Any CPU
	EndGlobalSection
	GlobalSection(ProjectConfigurationPlatforms) = postSolution
		{56B0CDC6-5982-4677-8AEA-4FBEB565EAD7}.Debug|Any CPU.ActiveCfg = Debug|Any CPU
		{56B0CDC6-5982-4677-8AEA-4FBEB565EAD7}.Debug|Any CPU.Build.0 = Debug|Any CPU
		{56B0CDC6-5982-4677-8AEA-4FBEB565EAD7}.Release|Any CPU.ActiveCfg = Release|Any CPU
		{56B0CDC6-5982-4677-8AEA-4FBEB565EAD7}.Release|Any CPU.Build.0 = Release|Any CPU
		{0CB9E902-0DF5-4D4E-A945-E0F8B328925F}.Debug|Any CPU.ActiveCfg = Debug|Any CPU
		{0CB9E902-0DF5-4D4E-A945-E0F8B328925F}.Debug|Any CPU.Build.0 = Debug|Any CPU
		{0CB9E902-0DF5-4D4E-A945-E0F8B328925F}.Release|Any CPU.ActiveCfg = Release|Any CPU
		{0CB9E902-0DF5-4D4E-A945-E0F8B328925F}.Release|Any CPU.Build.0 = Release|Any CPU
		{26A1F8E8-23DB-4564-AA59-414FB2C49DF3}.Debug|Any CPU.ActiveCfg = Debug|Any CPU
		{26A1F8E8-23DB-4564-AA59-414FB2C49DF3}.Debug|Any CPU.Build.0 = Debug|Any CPU
		{26A1F8E8-23DB-4564-AA59-414FB2C49DF3}.Release|Any CPU.ActiveCfg = Release|Any CPU
		{26A1F8E8-23DB-4564-AA59-414FB2C49DF3}.Release|Any CPU.Build.0 = Release|Any CPU
		{194FEFDF-4664-4E9D-8EA3-92F691F499A4}.Debug|Any CPU.ActiveCfg = Debug|Any CPU
		{194FEFDF-4664-4E9D-8EA3-92F691F499A4}.Debug|Any CPU.Build.0 = Debug|Any CPU
		{194FEFDF-4664-4E9D-8EA3-92F691F499A4}.Release|Any CPU.ActiveCfg = Release|Any CPU
		{194FEFDF-4664-4E9D-8EA3-92F691F499A4}.Release|Any CPU.Build.0 = Release|Any CPU
		{5EC4C71E-674A-4054-B09F-F0DEE8D672F1}.Debug|Any CPU.ActiveCfg = Debug|Any CPU
		{5EC4C71E-674A-4054-B09F-F0DEE8D672F1}.Debug|Any CPU.Build.0 = Debug|Any CPU
		{5EC4C71E-674A-4054-B09F-F0DEE8D672F1}.Release|Any CPU.ActiveCfg = Release|Any CPU
		{5EC4C71E-674A-4054-B09F-F0DEE8D672F1}.Release|Any CPU.Build.0 = Release|Any CPU
		{CD60D0F3-2ACB-4D1E-A984-C2BFA8CA8651}.Debug|Any CPU.ActiveCfg = Debug|Any CPU
		{CD60D0F3-2ACB-4D1E-A984-C2BFA8CA8651}.Debug|Any CPU.Build.0 = Debug|Any CPU
		{CD60D0F3-2ACB-4D1E-A984-C2BFA8CA8651}.Release|Any CPU.ActiveCfg = Release|Any CPU
		{CD60D0F3-2ACB-4D1E-A984-C2BFA8CA8651}.Release|Any CPU.Build.0 = Release|Any CPU
		{C4B33FF8-66AC-41FC-8419-6581160C7F90}.Debug|Any CPU.ActiveCfg = Debug|Any CPU
		{C4B33FF8-66AC-41FC-8419-6581160C7F90}.Debug|Any CPU.Build.0 = Debug|Any CPU
		{C4B33FF8-66AC-41FC-8419-6581160C7F90}.Release|Any CPU.ActiveCfg = Release|Any CPU
		{C4B33FF8-66AC-41FC-8419-6581160C7F90}.Release|Any CPU.Build.0 = Release|Any CPU
		{6C4369DD-B24F-4E80-962E-32833E2A4EAF}.Debug|Any CPU.ActiveCfg = Debug|Any CPU
		{6C4369DD-B24F-4E80-962E-32833E2A4EAF}.Debug|Any CPU.Build.0 = Debug|Any CPU
		{6C4369DD-B24F-4E80-962E-32833E2A4EAF}.Release|Any CPU.ActiveCfg = Release|Any CPU
		{6C4369DD-B24F-4E80-962E-32833E2A4EAF}.Release|Any CPU.Build.0 = Release|Any CPU
		{162D5636-C1C9-4389-9C9A-680A816CDD60}.Debug|Any CPU.ActiveCfg = Debug|Any CPU
		{162D5636-C1C9-4389-9C9A-680A816CDD60}.Debug|Any CPU.Build.0 = Debug|Any CPU
		{162D5636-C1C9-4389-9C9A-680A816CDD60}.Release|Any CPU.ActiveCfg = Release|Any CPU
		{162D5636-C1C9-4389-9C9A-680A816CDD60}.Release|Any CPU.Build.0 = Release|Any CPU
		{CF3EC411-69D5-4270-A435-2B4505C1D756}.Debug|Any CPU.ActiveCfg = Debug|Any CPU
		{CF3EC411-69D5-4270-A435-2B4505C1D756}.Debug|Any CPU.Build.0 = Debug|Any CPU
		{CF3EC411-69D5-4270-A435-2B4505C1D756}.Release|Any CPU.ActiveCfg = Release|Any CPU
		{CF3EC411-69D5-4270-A435-2B4505C1D756}.Release|Any CPU.Build.0 = Release|Any CPU
		{C82C8982-FE04-4FE0-A8FE-E176459838D9}.Debug|Any CPU.ActiveCfg = Debug|Any CPU
		{C82C8982-FE04-4FE0-A8FE-E176459838D9}.Debug|Any CPU.Build.0 = Debug|Any CPU
		{C82C8982-FE04-4FE0-A8FE-E176459838D9}.Release|Any CPU.ActiveCfg = Release|Any CPU
		{C82C8982-FE04-4FE0-A8FE-E176459838D9}.Release|Any CPU.Build.0 = Release|Any CPU
		{9D8C3AC5-846F-4C1C-9477-1432B9AB03B1}.Debug|Any CPU.ActiveCfg = Debug|Any CPU
		{9D8C3AC5-846F-4C1C-9477-1432B9AB03B1}.Debug|Any CPU.Build.0 = Debug|Any CPU
		{9D8C3AC5-846F-4C1C-9477-1432B9AB03B1}.Release|Any CPU.ActiveCfg = Release|Any CPU
		{9D8C3AC5-846F-4C1C-9477-1432B9AB03B1}.Release|Any CPU.Build.0 = Release|Any CPU
		{624D9718-00C8-4D7A-8D7D-E08D897387F3}.Debug|Any CPU.ActiveCfg = Debug|Any CPU
		{624D9718-00C8-4D7A-8D7D-E08D897387F3}.Debug|Any CPU.Build.0 = Debug|Any CPU
		{624D9718-00C8-4D7A-8D7D-E08D897387F3}.Release|Any CPU.ActiveCfg = Release|Any CPU
		{624D9718-00C8-4D7A-8D7D-E08D897387F3}.Release|Any CPU.Build.0 = Release|Any CPU
		{7271819E-4FE8-4966-A173-3D7885203AD0}.Debug|Any CPU.ActiveCfg = Debug|Any CPU
		{7271819E-4FE8-4966-A173-3D7885203AD0}.Debug|Any CPU.Build.0 = Debug|Any CPU
		{7271819E-4FE8-4966-A173-3D7885203AD0}.Release|Any CPU.ActiveCfg = Release|Any CPU
		{7271819E-4FE8-4966-A173-3D7885203AD0}.Release|Any CPU.Build.0 = Release|Any CPU
	EndGlobalSection
	GlobalSection(SolutionProperties) = preSolution
		HideSolutionNode = FALSE
	EndGlobalSection
	GlobalSection(NestedProjects) = preSolution
		{56B0CDC6-5982-4677-8AEA-4FBEB565EAD7} = {ECCBB386-80AC-4565-9E04-9390020CB29C}
		{0CB9E902-0DF5-4D4E-A945-E0F8B328925F} = {7E9AFEE3-2D8F-42FE-BF4F-7AD8C914AC4A}
		{26A1F8E8-23DB-4564-AA59-414FB2C49DF3} = {6B235970-95AC-4905-AC37-8ADB46DE8045}
		{F637FD4E-88F6-461D-949F-510032968CC8} = {C4FDD323-239D-4A0E-8A36-4161E9D67804}
		{194FEFDF-4664-4E9D-8EA3-92F691F499A4} = {F637FD4E-88F6-461D-949F-510032968CC8}
		{5EC4C71E-674A-4054-B09F-F0DEE8D672F1} = {BF3E3B0A-A390-4785-ACCA-70B9E933A034}
		{BF3E3B0A-A390-4785-ACCA-70B9E933A034} = {AF31E62F-2E2A-4255-A577-CF424DB5CAD0}
		{6B235970-95AC-4905-AC37-8ADB46DE8045} = {1BACCC15-41B5-4DBE-ABCC-EC25B009FA98}
		{7E9AFEE3-2D8F-42FE-BF4F-7AD8C914AC4A} = {1BACCC15-41B5-4DBE-ABCC-EC25B009FA98}
		{8DDE6EF9-A71C-41DB-BEB6-0BC6EDC13B6A} = {C4FDD323-239D-4A0E-8A36-4161E9D67804}
		{CD60D0F3-2ACB-4D1E-A984-C2BFA8CA8651} = {8DDE6EF9-A71C-41DB-BEB6-0BC6EDC13B6A}
		{C4B33FF8-66AC-41FC-8419-6581160C7F90} = {8DDE6EF9-A71C-41DB-BEB6-0BC6EDC13B6A}
		{6C4369DD-B24F-4E80-962E-32833E2A4EAF} = {8DDE6EF9-A71C-41DB-BEB6-0BC6EDC13B6A}
		{39AB9B89-A038-43C0-8055-98EBB567B167} = {C4FDD323-239D-4A0E-8A36-4161E9D67804}
		{162D5636-C1C9-4389-9C9A-680A816CDD60} = {39AB9B89-A038-43C0-8055-98EBB567B167}
		{CF3EC411-69D5-4270-A435-2B4505C1D756} = {2D9211C2-F1C9-4AFF-8DE0-10239C6C9EAD}
		{C82C8982-FE04-4FE0-A8FE-E176459838D9} = {783E2E46-8D43-4654-813F-6B3A59BA71A7}
		{9D8C3AC5-846F-4C1C-9477-1432B9AB03B1} = {ADB4E6AF-43F7-4339-BA4E-D72D254ADBA6}
		{624D9718-00C8-4D7A-8D7D-E08D897387F3} = {ADB4E6AF-43F7-4339-BA4E-D72D254ADBA6}
		{ADB4E6AF-43F7-4339-BA4E-D72D254ADBA6} = {DDABA181-F3FB-491F-8B4C-07C31D9CBDC4}
		{7271819E-4FE8-4966-A173-3D7885203AD0} = {ADB4E6AF-43F7-4339-BA4E-D72D254ADBA6}
	EndGlobalSection
EndGlobal
