
Microsoft Visual Studio Solution File, Format Version 12.00
# Visual Studio 14
VisualStudioVersion = 14.0.25420.1
MinimumVisualStudioVersion = 10.0.40219.1
Project("{FAE04EC0-301F-11D3-BF4B-00C04F79EFBC}") = "ConsoleApplicationTestDemo", "ConsoleApplication1\ConsoleApplicationTestDemo.csproj", "{56B0CDC6-5982-4677-8AEA-4FBEB565EAD7}"
EndProject
Project("{FAE04EC0-301F-11D3-BF4B-00C04F79EFBC}") = "MVCTestDemo", "MVCTestDemo\MVCTestDemo.csproj", "{5EC4C71E-674A-4054-B09F-F0DEE8D672F1}"
EndProject
Project("{FAE04EC0-301F-11D3-BF4B-00C04F79EFBC}") = "WpfApp_TestDemo", "WpfApp_TestDemo\WpfApp_TestDemo.csproj", "{0CB9E902-0DF5-4D4E-A945-E0F8B328925F}"
EndProject
Project("{FAE04EC0-301F-11D3-BF4B-00C04F79EFBC}") = "Wpf_CrazyE_Demo", "Wpf_CrazyE_Demo\Wpf_CrazyE_Demo.csproj", "{26A1F8E8-23DB-4564-AA59-414FB2C49DF3}"
EndProject
Project("{FAE04EC0-301F-11D3-BF4B-00C04F79EFBC}") = "CommonLibrary", "CommonLibrary\CommonLibrary.csproj", "{CF3EC411-69D5-4270-A435-2B4505C1D756}"
EndProject
Project("{2150E333-8FDC-42A3-9474-1A3956D46DE8}") = "DZ_Prism", "DZ_Prism", "{F129CCA1-193F-40C4-843D-EE44FD60B5A5}"
EndProject
Project("{2150E333-8FDC-42A3-9474-1A3956D46DE8}") = "00.Infrastructure", "00.Infrastructure", "{4D7E05DF-49C1-40F1-A223-C0354C0802A8}"
EndProject
Project("{2150E333-8FDC-42A3-9474-1A3956D46DE8}") = "01.Shell", "01.Shell", "{257B731F-67AD-49EE-9445-7EB736CB312F}"
EndProject
Project("{2150E333-8FDC-42A3-9474-1A3956D46DE8}") = "02.Module", "02.Module", "{B82E699B-F93F-4939-BD74-20CA0C09D1B5}"
EndProject
Project("{2150E333-8FDC-42A3-9474-1A3956D46DE8}") = "03.Contract", "03.Contract", "{CD210163-F2D7-49C8-8DB7-12491AD6BC7D}"
EndProject
Project("{2150E333-8FDC-42A3-9474-1A3956D46DE8}") = "04.BusinessLogic", "04.BusinessLogic", "{B04DD77E-C90A-4D8C-9E10-BCCC8D3D068B}"
EndProject
Project("{2150E333-8FDC-42A3-9474-1A3956D46DE8}") = "05.DataAccesss", "05.DataAccesss", "{99E66477-E085-4A45-8FD4-89116588D4F5}"
EndProject
Project("{2150E333-8FDC-42A3-9474-1A3956D46DE8}") = "06.Entities", "06.Entities", "{C563EB61-0E0D-41D8-AF5C-BF52C7B8C9E1}"
EndProject
Project("{2150E333-8FDC-42A3-9474-1A3956D46DE8}") = "07.DataContract", "07.DataContract", "{68359C73-4F41-46A6-90BA-4C9BC7A512C3}"
EndProject
Project("{FAE04EC0-301F-11D3-BF4B-00C04F79EFBC}") = "DZ_Prism.Shell", "DZ_Prism\Shell\DZ_Prism.Shell\DZ_Prism.Shell.csproj", "{308B9E58-563B-4C6A-8EEC-EE4F0AB22E90}"
EndProject
Project("{FAE04EC0-301F-11D3-BF4B-00C04F79EFBC}") = "DZ_Prism.UserLogin.Module", "Modules\DZ_Prism.UserLogin.Module\DZ_Prism.UserLogin.Module.csproj", "{6D6DCA87-3343-48D1-9BE4-E5D10F418BFA}"
EndProject
Project("{FAE04EC0-301F-11D3-BF4B-00C04F79EFBC}") = "DZ_Prism.Server.UserLogin.Contract", "Contract\DZ_Prism.UserLogin.Contract\DZ_Prism.Server.UserLogin.Contract.csproj", "{EC69BE82-2138-453A-9D61-367A2E37F7F0}"
EndProject
Project("{FAE04EC0-301F-11D3-BF4B-00C04F79EFBC}") = "DZ_Prism.Server.UserLogin.BusinessLogic", "BusinessLogic\DZ_Prism.Server.UserLogin.BusinessLogic\DZ_Prism.Server.UserLogin.BusinessLogic.csproj", "{9A631142-FA9D-44EE-95F5-D53BBD122D1E}"
EndProject
Global
	GlobalSection(SolutionConfigurationPlatforms) = preSolution
		Debug|Any CPU = Debug|Any CPU
		Release|Any CPU = Release|Any CPU
	EndGlobalSection
	GlobalSection(ProjectConfigurationPlatforms) = postSolution
		{56B0CDC6-5982-4677-8AEA-4FBEB565EAD7}.Debug|Any CPU.ActiveCfg = Debug|Any CPU
		{56B0CDC6-5982-4677-8AEA-4FBEB565EAD7}.Debug|Any CPU.Build.0 = Debug|Any CPU
		{56B0CDC6-5982-4677-8AEA-4FBEB565EAD7}.Release|Any CPU.ActiveCfg = Release|Any CPU
		{56B0CDC6-5982-4677-8AEA-4FBEB565EAD7}.Release|Any CPU.Build.0 = Release|Any CPU
		{5EC4C71E-674A-4054-B09F-F0DEE8D672F1}.Debug|Any CPU.ActiveCfg = Debug|Any CPU
		{5EC4C71E-674A-4054-B09F-F0DEE8D672F1}.Debug|Any CPU.Build.0 = Debug|Any CPU
		{5EC4C71E-674A-4054-B09F-F0DEE8D672F1}.Release|Any CPU.ActiveCfg = Release|Any CPU
		{5EC4C71E-674A-4054-B09F-F0DEE8D672F1}.Release|Any CPU.Build.0 = Release|Any CPU
		{0CB9E902-0DF5-4D4E-A945-E0F8B328925F}.Debug|Any CPU.ActiveCfg = Debug|Any CPU
		{0CB9E902-0DF5-4D4E-A945-E0F8B328925F}.Debug|Any CPU.Build.0 = Debug|Any CPU
		{0CB9E902-0DF5-4D4E-A945-E0F8B328925F}.Release|Any CPU.ActiveCfg = Release|Any CPU
		{0CB9E902-0DF5-4D4E-A945-E0F8B328925F}.Release|Any CPU.Build.0 = Release|Any CPU
		{26A1F8E8-23DB-4564-AA59-414FB2C49DF3}.Debug|Any CPU.ActiveCfg = Debug|Any CPU
		{26A1F8E8-23DB-4564-AA59-414FB2C49DF3}.Debug|Any CPU.Build.0 = Debug|Any CPU
		{26A1F8E8-23DB-4564-AA59-414FB2C49DF3}.Release|Any CPU.ActiveCfg = Release|Any CPU
		{26A1F8E8-23DB-4564-AA59-414FB2C49DF3}.Release|Any CPU.Build.0 = Release|Any CPU
		{CF3EC411-69D5-4270-A435-2B4505C1D756}.Debug|Any CPU.ActiveCfg = Debug|Any CPU
		{CF3EC411-69D5-4270-A435-2B4505C1D756}.Debug|Any CPU.Build.0 = Debug|Any CPU
		{CF3EC411-69D5-4270-A435-2B4505C1D756}.Release|Any CPU.ActiveCfg = Release|Any CPU
		{CF3EC411-69D5-4270-A435-2B4505C1D756}.Release|Any CPU.Build.0 = Release|Any CPU
		{308B9E58-563B-4C6A-8EEC-EE4F0AB22E90}.Debug|Any CPU.ActiveCfg = Debug|Any CPU
		{308B9E58-563B-4C6A-8EEC-EE4F0AB22E90}.Debug|Any CPU.Build.0 = Debug|Any CPU
		{308B9E58-563B-4C6A-8EEC-EE4F0AB22E90}.Release|Any CPU.ActiveCfg = Release|Any CPU
		{308B9E58-563B-4C6A-8EEC-EE4F0AB22E90}.Release|Any CPU.Build.0 = Release|Any CPU
		{6D6DCA87-3343-48D1-9BE4-E5D10F418BFA}.Debug|Any CPU.ActiveCfg = Debug|Any CPU
		{6D6DCA87-3343-48D1-9BE4-E5D10F418BFA}.Debug|Any CPU.Build.0 = Debug|Any CPU
		{6D6DCA87-3343-48D1-9BE4-E5D10F418BFA}.Release|Any CPU.ActiveCfg = Release|Any CPU
		{6D6DCA87-3343-48D1-9BE4-E5D10F418BFA}.Release|Any CPU.Build.0 = Release|Any CPU
		{EC69BE82-2138-453A-9D61-367A2E37F7F0}.Debug|Any CPU.ActiveCfg = Debug|Any CPU
		{EC69BE82-2138-453A-9D61-367A2E37F7F0}.Debug|Any CPU.Build.0 = Debug|Any CPU
		{EC69BE82-2138-453A-9D61-367A2E37F7F0}.Release|Any CPU.ActiveCfg = Release|Any CPU
		{EC69BE82-2138-453A-9D61-367A2E37F7F0}.Release|Any CPU.Build.0 = Release|Any CPU
		{9A631142-FA9D-44EE-95F5-D53BBD122D1E}.Debug|Any CPU.ActiveCfg = Debug|Any CPU
		{9A631142-FA9D-44EE-95F5-D53BBD122D1E}.Debug|Any CPU.Build.0 = Debug|Any CPU
		{9A631142-FA9D-44EE-95F5-D53BBD122D1E}.Release|Any CPU.ActiveCfg = Release|Any CPU
		{9A631142-FA9D-44EE-95F5-D53BBD122D1E}.Release|Any CPU.Build.0 = Release|Any CPU
	EndGlobalSection
	GlobalSection(SolutionProperties) = preSolution
		HideSolutionNode = FALSE
	EndGlobalSection
	GlobalSection(NestedProjects) = preSolution
		{4D7E05DF-49C1-40F1-A223-C0354C0802A8} = {F129CCA1-193F-40C4-843D-EE44FD60B5A5}
		{257B731F-67AD-49EE-9445-7EB736CB312F} = {F129CCA1-193F-40C4-843D-EE44FD60B5A5}
		{B82E699B-F93F-4939-BD74-20CA0C09D1B5} = {F129CCA1-193F-40C4-843D-EE44FD60B5A5}
		{CD210163-F2D7-49C8-8DB7-12491AD6BC7D} = {F129CCA1-193F-40C4-843D-EE44FD60B5A5}
		{B04DD77E-C90A-4D8C-9E10-BCCC8D3D068B} = {F129CCA1-193F-40C4-843D-EE44FD60B5A5}
		{99E66477-E085-4A45-8FD4-89116588D4F5} = {F129CCA1-193F-40C4-843D-EE44FD60B5A5}
		{C563EB61-0E0D-41D8-AF5C-BF52C7B8C9E1} = {F129CCA1-193F-40C4-843D-EE44FD60B5A5}
		{68359C73-4F41-46A6-90BA-4C9BC7A512C3} = {F129CCA1-193F-40C4-843D-EE44FD60B5A5}
		{308B9E58-563B-4C6A-8EEC-EE4F0AB22E90} = {257B731F-67AD-49EE-9445-7EB736CB312F}
		{6D6DCA87-3343-48D1-9BE4-E5D10F418BFA} = {B82E699B-F93F-4939-BD74-20CA0C09D1B5}
		{EC69BE82-2138-453A-9D61-367A2E37F7F0} = {CD210163-F2D7-49C8-8DB7-12491AD6BC7D}
		{9A631142-FA9D-44EE-95F5-D53BBD122D1E} = {B04DD77E-C90A-4D8C-9E10-BCCC8D3D068B}
	EndGlobalSection
EndGlobal
